
Microsoft Visual Studio Solution File, Format Version 12.00
# Visual Studio 15
VisualStudioVersion = 15.0.28307.1169
MinimumVisualStudioVersion = 10.0.40219.1
Project("{FAE04EC0-301F-11D3-BF4B-00C04F79EFBC}") = "WikiSurfCore", "WikiSurfCore\WikiSurfCore.csproj", "{0AB86B48-492A-45B4-BF31-23BDE791CEDC}"
EndProject
Project("{FAE04EC0-301F-11D3-BF4B-00C04F79EFBC}") = "WikiSurfModel", "WikiSurfModel\WikiSurfModel.csproj", "{52DC0830-EBAB-44EE-9E9A-3DD1B57C8128}"
EndProject
Project("{FAE04EC0-301F-11D3-BF4B-00C04F79EFBC}") = "WikiProcess", "WikiProcess\WikiProcess.csproj", "{1A8503FA-0476-4482-9D8F-EC39684F5DAD}"
EndProject
Project("{FAE04EC0-301F-11D3-BF4B-00C04F79EFBC}") = "WikiSurfApi", "WikiSurfApi\WikiSurfApi.csproj", "{4CBCF217-B902-46A5-94CE-DA3793E92993}"
EndProject
Global
	GlobalSection(SolutionConfigurationPlatforms) = preSolution
		Debug|Any CPU = Debug|Any CPU
		Release|Any CPU = Release|Any CPU
	EndGlobalSection
	GlobalSection(ProjectConfigurationPlatforms) = postSolution
		{0AB86B48-492A-45B4-BF31-23BDE791CEDC}.Debug|Any CPU.ActiveCfg = Debug|Any CPU
		{0AB86B48-492A-45B4-BF31-23BDE791CEDC}.Debug|Any CPU.Build.0 = Debug|Any CPU
		{0AB86B48-492A-45B4-BF31-23BDE791CEDC}.Release|Any CPU.ActiveCfg = Release|Any CPU
		{0AB86B48-492A-45B4-BF31-23BDE791CEDC}.Release|Any CPU.Build.0 = Release|Any CPU
		{52DC0830-EBAB-44EE-9E9A-3DD1B57C8128}.Debug|Any CPU.ActiveCfg = Debug|Any CPU
		{52DC0830-EBAB-44EE-9E9A-3DD1B57C8128}.Debug|Any CPU.Build.0 = Debug|Any CPU
		{52DC0830-EBAB-44EE-9E9A-3DD1B57C8128}.Release|Any CPU.ActiveCfg = Release|Any CPU
		{52DC0830-EBAB-44EE-9E9A-3DD1B57C8128}.Release|Any CPU.Build.0 = Release|Any CPU
		{1A8503FA-0476-4482-9D8F-EC39684F5DAD}.Debug|Any CPU.ActiveCfg = Debug|Any CPU
		{1A8503FA-0476-4482-9D8F-EC39684F5DAD}.Debug|Any CPU.Build.0 = Debug|Any CPU
		{1A8503FA-0476-4482-9D8F-EC39684F5DAD}.Release|Any CPU.ActiveCfg = Release|Any CPU
		{1A8503FA-0476-4482-9D8F-EC39684F5DAD}.Release|Any CPU.Build.0 = Release|Any CPU
		{4CBCF217-B902-46A5-94CE-DA3793E92993}.Debug|Any CPU.ActiveCfg = Debug|Any CPU
		{4CBCF217-B902-46A5-94CE-DA3793E92993}.Debug|Any CPU.Build.0 = Debug|Any CPU
		{4CBCF217-B902-46A5-94CE-DA3793E92993}.Release|Any CPU.ActiveCfg = Release|Any CPU
		{4CBCF217-B902-46A5-94CE-DA3793E92993}.Release|Any CPU.Build.0 = Release|Any CPU
	EndGlobalSection
	GlobalSection(SolutionProperties) = preSolution
		HideSolutionNode = FALSE
	EndGlobalSection
	GlobalSection(ExtensibilityGlobals) = postSolution
		SolutionGuid = {5D06F3A3-9507-4018-B1F4-E8ADCD0E0765}
	EndGlobalSection
EndGlobal
